
Microsoft Visual Studio Solution File, Format Version 12.00
# Visual Studio Version 17
VisualStudioVersion = 17.10.35013.160
MinimumVisualStudioVersion = 10.0.40219.1
Project("{FAE04EC0-301F-11D3-BF4B-00C04F79EFBC}") = "mvc_Identity", "mvc_Identity\mvc_Identity.csproj", "{C073D51C-AF43-4896-8539-50CD9ABE537B}"
EndProject
Global
	GlobalSection(SolutionConfigurationPlatforms) = preSolution
		Debug|Any CPU = Debug|Any CPU
		Release|Any CPU = Release|Any CPU
	EndGlobalSection
	GlobalSection(ProjectConfigurationPlatforms) = postSolution
		{C073D51C-AF43-4896-8539-50CD9ABE537B}.Debug|Any CPU.ActiveCfg = Debug|Any CPU
		{C073D51C-AF43-4896-8539-50CD9ABE537B}.Debug|Any CPU.Build.0 = Debug|Any CPU
		{C073D51C-AF43-4896-8539-50CD9ABE537B}.Release|Any CPU.ActiveCfg = Release|Any CPU
		{C073D51C-AF43-4896-8539-50CD9ABE537B}.Release|Any CPU.Build.0 = Release|Any CPU
	EndGlobalSection
	GlobalSection(SolutionProperties) = preSolution
		HideSolutionNode = FALSE
	EndGlobalSection
	GlobalSection(ExtensibilityGlobals) = postSolution
		SolutionGuid = {72B00146-D8D4-41AC-A3C8-3A1C396A1BAB}
	EndGlobalSection
EndGlobal
